
Microsoft Visual Studio Solution File, Format Version 12.00
# Visual Studio Version 16
VisualStudioVersion = 16.0.30204.135
MinimumVisualStudioVersion = 10.0.40219.1
Project("{FAE04EC0-301F-11D3-BF4B-00C04F79EFBC}") = "GithubOauth2", "GithubOauth2\GithubOauth2.csproj", "{07C6DB15-E617-40A3-95AE-B92BD732D5E3}"
EndProject
Global
	GlobalSection(SolutionConfigurationPlatforms) = preSolution
		Debug|Any CPU = Debug|Any CPU
		Release|Any CPU = Release|Any CPU
	EndGlobalSection
	GlobalSection(ProjectConfigurationPlatforms) = postSolution
		{07C6DB15-E617-40A3-95AE-B92BD732D5E3}.Debug|Any CPU.ActiveCfg = Debug|Any CPU
		{07C6DB15-E617-40A3-95AE-B92BD732D5E3}.Debug|Any CPU.Build.0 = Debug|Any CPU
		{07C6DB15-E617-40A3-95AE-B92BD732D5E3}.Release|Any CPU.ActiveCfg = Release|Any CPU
		{07C6DB15-E617-40A3-95AE-B92BD732D5E3}.Release|Any CPU.Build.0 = Release|Any CPU
	EndGlobalSection
	GlobalSection(SolutionProperties) = preSolution
		HideSolutionNode = FALSE
	EndGlobalSection
	GlobalSection(ExtensibilityGlobals) = postSolution
		SolutionGuid = {F7292611-6792-48FF-A303-B1767A44DF1A}
	EndGlobalSection
EndGlobal
