
Microsoft Visual Studio Solution File, Format Version 12.00
# Visual Studio 15
VisualStudioVersion = 15.0.28307.779
MinimumVisualStudioVersion = 10.0.40219.1
Project("{FAE04EC0-301F-11D3-BF4B-00C04F79EFBC}") = "ExcelToJson", "ExcelToJson\ExcelToJson.csproj", "{8ADC707D-AAE2-4F4D-810D-38C437336EB9}"
EndProject
Project("{FAE04EC0-301F-11D3-BF4B-00C04F79EFBC}") = "ExcelToJsonUsingSyncfusion", "ExcelToJsonUsingSyncfusion\ExcelToJsonUsingSyncfusion.csproj", "{2E02FA05-A139-4089-A55F-E51C533E5583}"
EndProject
Project("{FAE04EC0-301F-11D3-BF4B-00C04F79EFBC}") = "PowershellAutomation", "PowershellAutomation\PowershellAutomation.csproj", "{C9C49649-3003-458C-B893-6FA975E41570}"
EndProject
Global
	GlobalSection(SolutionConfigurationPlatforms) = preSolution
		Debug|Any CPU = Debug|Any CPU
		Release|Any CPU = Release|Any CPU
	EndGlobalSection
	GlobalSection(ProjectConfigurationPlatforms) = postSolution
		{8ADC707D-AAE2-4F4D-810D-38C437336EB9}.Debug|Any CPU.ActiveCfg = Debug|Any CPU
		{8ADC707D-AAE2-4F4D-810D-38C437336EB9}.Debug|Any CPU.Build.0 = Debug|Any CPU
		{8ADC707D-AAE2-4F4D-810D-38C437336EB9}.Release|Any CPU.ActiveCfg = Release|Any CPU
		{8ADC707D-AAE2-4F4D-810D-38C437336EB9}.Release|Any CPU.Build.0 = Release|Any CPU
		{2E02FA05-A139-4089-A55F-E51C533E5583}.Debug|Any CPU.ActiveCfg = Debug|Any CPU
		{2E02FA05-A139-4089-A55F-E51C533E5583}.Debug|Any CPU.Build.0 = Debug|Any CPU
		{2E02FA05-A139-4089-A55F-E51C533E5583}.Release|Any CPU.ActiveCfg = Release|Any CPU
		{2E02FA05-A139-4089-A55F-E51C533E5583}.Release|Any CPU.Build.0 = Release|Any CPU
		{C9C49649-3003-458C-B893-6FA975E41570}.Debug|Any CPU.ActiveCfg = Debug|Any CPU
		{C9C49649-3003-458C-B893-6FA975E41570}.Debug|Any CPU.Build.0 = Debug|Any CPU
		{C9C49649-3003-458C-B893-6FA975E41570}.Release|Any CPU.ActiveCfg = Release|Any CPU
		{C9C49649-3003-458C-B893-6FA975E41570}.Release|Any CPU.Build.0 = Release|Any CPU
	EndGlobalSection
	GlobalSection(SolutionProperties) = preSolution
		HideSolutionNode = FALSE
	EndGlobalSection
	GlobalSection(ExtensibilityGlobals) = postSolution
		SolutionGuid = {64DC7290-5D1F-4BB8-A529-EE1F7E819BC0}
	EndGlobalSection
EndGlobal
