
Microsoft Visual Studio Solution File, Format Version 12.00
# Visual Studio Version 16
VisualStudioVersion = 16.0.30330.147
MinimumVisualStudioVersion = 10.0.40219.1
Project("{FAE04EC0-301F-11D3-BF4B-00C04F79EFBC}") = "CoreCrud", "CoreCrud\CoreCrud.csproj", "{6B58D3BF-7CB8-4E18-BFED-169FA9130E76}"
EndProject
Global
	GlobalSection(SolutionConfigurationPlatforms) = preSolution
		Debug|Any CPU = Debug|Any CPU
		Release|Any CPU = Release|Any CPU
	EndGlobalSection
	GlobalSection(ProjectConfigurationPlatforms) = postSolution
		{6B58D3BF-7CB8-4E18-BFED-169FA9130E76}.Debug|Any CPU.ActiveCfg = Debug|Any CPU
		{6B58D3BF-7CB8-4E18-BFED-169FA9130E76}.Debug|Any CPU.Build.0 = Debug|Any CPU
		{6B58D3BF-7CB8-4E18-BFED-169FA9130E76}.Release|Any CPU.ActiveCfg = Release|Any CPU
		{6B58D3BF-7CB8-4E18-BFED-169FA9130E76}.Release|Any CPU.Build.0 = Release|Any CPU
	EndGlobalSection
	GlobalSection(SolutionProperties) = preSolution
		HideSolutionNode = FALSE
	EndGlobalSection
	GlobalSection(ExtensibilityGlobals) = postSolution
		SolutionGuid = {945AB087-245A-4632-85F9-50E7E296883B}
	EndGlobalSection
EndGlobal
